
Microsoft Visual Studio Solution File, Format Version 12.00
# Visual Studio Version 16
VisualStudioVersion = 16.0.30523.141
MinimumVisualStudioVersion = 10.0.40219.1
Project("{FAE04EC0-301F-11D3-BF4B-00C04F79EFBC}") = "Maquette_TP17", "Maquette_TP17.csproj", "{C0164940-074D-4DF6-BE6D-CAFEA60A5633}"
EndProject
Global
	GlobalSection(SolutionConfigurationPlatforms) = preSolution
		Debug|Any CPU = Debug|Any CPU
		Release|Any CPU = Release|Any CPU
	EndGlobalSection
	GlobalSection(ProjectConfigurationPlatforms) = postSolution
		{C0164940-074D-4DF6-BE6D-CAFEA60A5633}.Debug|Any CPU.ActiveCfg = Debug|Any CPU
		{C0164940-074D-4DF6-BE6D-CAFEA60A5633}.Debug|Any CPU.Build.0 = Debug|Any CPU
		{C0164940-074D-4DF6-BE6D-CAFEA60A5633}.Release|Any CPU.ActiveCfg = Release|Any CPU
		{C0164940-074D-4DF6-BE6D-CAFEA60A5633}.Release|Any CPU.Build.0 = Release|Any CPU
	EndGlobalSection
	GlobalSection(SolutionProperties) = preSolution
		HideSolutionNode = FALSE
	EndGlobalSection
	GlobalSection(ExtensibilityGlobals) = postSolution
		SolutionGuid = {E60602A7-D315-4A5D-9B1A-E0ACC9421CD6}
	EndGlobalSection
EndGlobal
